
Microsoft Visual Studio Solution File, Format Version 12.00
# Visual Studio Version 16
VisualStudioVersion = 16.0.29319.158
MinimumVisualStudioVersion = 10.0.40219.1
Project("{9A19103F-16F7-4668-BE54-9A1E7A4F7556}") = "CORSProxy", "CORSProxy\CORSProxy.csproj", "{9BB4BF3C-4BB5-4C64-884A-11FF5DBF9B72}"
EndProject
Project("{9A19103F-16F7-4668-BE54-9A1E7A4F7556}") = "AspNetCore.Proxy", "Core\AspNetCore.Proxy.csproj", "{034BAF7A-F616-40B8-8D18-B089026A04F7}"
EndProject
Global
	GlobalSection(SolutionConfigurationPlatforms) = preSolution
		Debug|Any CPU = Debug|Any CPU
		Release|Any CPU = Release|Any CPU
	EndGlobalSection
	GlobalSection(ProjectConfigurationPlatforms) = postSolution
		{9BB4BF3C-4BB5-4C64-884A-11FF5DBF9B72}.Debug|Any CPU.ActiveCfg = Debug|Any CPU
		{9BB4BF3C-4BB5-4C64-884A-11FF5DBF9B72}.Debug|Any CPU.Build.0 = Debug|Any CPU
		{9BB4BF3C-4BB5-4C64-884A-11FF5DBF9B72}.Release|Any CPU.ActiveCfg = Release|Any CPU
		{9BB4BF3C-4BB5-4C64-884A-11FF5DBF9B72}.Release|Any CPU.Build.0 = Release|Any CPU
		{034BAF7A-F616-40B8-8D18-B089026A04F7}.Debug|Any CPU.ActiveCfg = Debug|Any CPU
		{034BAF7A-F616-40B8-8D18-B089026A04F7}.Debug|Any CPU.Build.0 = Debug|Any CPU
		{034BAF7A-F616-40B8-8D18-B089026A04F7}.Release|Any CPU.ActiveCfg = Release|Any CPU
		{034BAF7A-F616-40B8-8D18-B089026A04F7}.Release|Any CPU.Build.0 = Release|Any CPU
	EndGlobalSection
	GlobalSection(SolutionProperties) = preSolution
		HideSolutionNode = FALSE
	EndGlobalSection
	GlobalSection(ExtensibilityGlobals) = postSolution
		SolutionGuid = {469966E9-090C-4FE0-8BB6-634B1E84C97E}
	EndGlobalSection
EndGlobal
